<?xml version="1.0" encoding="utf-8"?>
<Project ToolsVersion="4.0" xmlns="http://schemas.microsoft.com/developer/msbuild/2003">
  <ItemGroup>
    <FxCompile Include="PixelShader.hlsl" />
    <FxCompile Include="PixelShader_.hlsl" />
    <FxCompile Include="PSSky.hlsl" />
    <FxCompile Include="VertexShader.hlsl" />
    <FxCompile Include="VSSky.hlsl" />
    <FxCompile Include="ShadowVS.hlsl" />
  </ItemGroup>
  <ItemGroup>
    <ClCompile Include="Camera.cpp" />
    <ClCompile Include="Collider.cpp" />
    <ClCompile Include="CollisionManager.cpp" />
    <ClCompile Include="DXCore.cpp" />
    <ClCompile Include="Entity.cpp" />
    <ClCompile Include="Game.cpp" />
    <ClCompile Include="GameFactory.cpp" />
    <ClCompile Include="Main.cpp" />
    <ClCompile Include="Material.cpp" />
    <ClCompile Include="Mesh.cpp" />
    <ClCompile Include="Quadtree.cpp" />
    <ClCompile Include="SimpleShader.cpp" />
    <ClCompile Include="SlenderMan.cpp" />
  </ItemGroup>
  <ItemGroup>
    <ClInclude Include="Camera.h" />
    <ClInclude Include="Collider.h" />
    <ClInclude Include="CollisionManager.h" />
    <ClInclude Include="DXCore.h" />
    <ClInclude Include="Entity.h" />
    <ClInclude Include="Game.h" />
    <ClInclude Include="GameFactory.h" />
    <ClInclude Include="Lights.h" />
    <ClInclude Include="Material.h" />
    <ClInclude Include="Mesh.h" />
    <ClInclude Include="Node.h" />
    <ClInclude Include="Quadtree.h" />
    <ClInclude Include="SimpleShader.h" />
    <ClInclude Include="SlenderMan.h" />
    <ClInclude Include="Vertex.h" />
  </ItemGroup>
  <ItemGroup>
    <None Include="lighting.hlsli" />
    <None Include="packages.config" />
  </ItemGroup>
</Project>